# THIS IS AN AUTOGENERATED FILE. DO NOT EDIT THIS FILE DIRECTLY.
# yarn lockfile v1


"@ant-design/colors@^7.0.0", "@ant-design/colors@^7.1.0":
  version "7.1.0"
  resolved "https://registry.yarnpkg.com/@ant-design/colors/-/colors-7.1.0.tgz#60eadfa2e21871d8948dac5d50b9f056062f8af3"
  integrity sha512-MMoDGWn1y9LdQJQSHiCC20x3uZ3CwQnv9QMz6pCmJOrqdgM9YxsoVVY0wtrdXbmfSgnV0KNk6zi09NAhMR2jvg==
  dependencies:
    "@ctrl/tinycolor" "^3.6.1"

"@ant-design/cssinjs-utils@^1.1.3":
  version "1.1.3"
  resolved "https://registry.yarnpkg.com/@ant-design/cssinjs-utils/-/cssinjs-utils-1.1.3.tgz#5dd79126057920a6992d57b38dd84e2c0b707977"
  integrity sha512-nOoQMLW1l+xR1Co8NFVYiP8pZp3VjIIzqV6D6ShYF2ljtdwWJn5WSsH+7kvCktXL/yhEtWURKOfH5Xz/gzlwsg==
  dependencies:
    "@ant-design/cssinjs" "^1.21.0"
    "@babel/runtime" "^7.23.2"
    rc-util "^5.38.0"

"@ant-design/cssinjs@^1.21.0", "@ant-design/cssinjs@^1.21.1":
  version "1.22.1"
  resolved "https://registry.yarnpkg.com/@ant-design/cssinjs/-/cssinjs-1.22.1.tgz#00e943a6387a8080aba8b927df8236df3e07e964"
  integrity sha512-SLuXM4wiEE1blOx94iXrkOgseMZHzdr4ngdFu3VVDq6AOWh7rlwqTkMAtJho3EsBF6x/eUGOtK53VZXGQG7+sQ==
  dependencies:
    "@babel/runtime" "^7.11.1"
    "@emotion/hash" "^0.8.0"
    "@emotion/unitless" "^0.7.5"
    classnames "^2.3.1"
    csstype "^3.1.3"
    rc-util "^5.35.0"
    stylis "^4.3.4"

"@ant-design/fast-color@^2.0.6":
  version "2.0.6"
  resolved "https://registry.yarnpkg.com/@ant-design/fast-color/-/fast-color-2.0.6.tgz#ab4d4455c1542c9017d367c2fa8ca3e4215d0ba2"
  integrity sha512-y2217gk4NqL35giHl72o6Zzqji9O7vHh9YmhUVkPtAOpoTCH4uWxo/pr4VE8t0+ChEPs0qo4eJRC5Q1eXWo3vA==
  dependencies:
    "@babel/runtime" "^7.24.7"

"@ant-design/icons-svg@^4.4.0":
  version "4.4.2"
  resolved "https://registry.yarnpkg.com/@ant-design/icons-svg/-/icons-svg-4.4.2.tgz#ed2be7fb4d82ac7e1d45a54a5b06d6cecf8be6f6"
  integrity sha512-vHbT+zJEVzllwP+CM+ul7reTEfBR0vgxFe7+lREAsAA7YGsYpboiq2sQNeQeRvh09GfQgs/GyFEvZpJ9cLXpXA==

"@ant-design/icons@^5.5.2":
  version "5.5.2"
  resolved "https://registry.yarnpkg.com/@ant-design/icons/-/icons-5.5.2.tgz#c4567943cc2b7c6dbe9cae68c06ffa35f755dc0d"
  integrity sha512-xc53rjVBl9v2BqFxUjZGti/RfdDeA8/6KYglmInM2PNqSXc/WfuGDTifJI/ZsokJK0aeKvOIbXc9y2g8ILAhEA==
  dependencies:
    "@ant-design/colors" "^7.0.0"
    "@ant-design/icons-svg" "^4.4.0"
    "@babel/runtime" "^7.24.8"
    classnames "^2.2.6"
    rc-util "^5.31.1"

"@ant-design/react-slick@~1.1.2":
  version "1.1.2"
  resolved "https://registry.yarnpkg.com/@ant-design/react-slick/-/react-slick-1.1.2.tgz#f84ce3e4d0dc941f02b16f1d1d6d7a371ffbb4f1"
  integrity sha512-EzlvzE6xQUBrZuuhSAFTdsr4P2bBBHGZwKFemEfq8gIGyIQCxalYfZW/T2ORbtQx5rU69o+WycP3exY/7T1hGA==
  dependencies:
    "@babel/runtime" "^7.10.4"
    classnames "^2.2.5"
    json2mq "^0.2.0"
    resize-observer-polyfill "^1.5.1"
    throttle-debounce "^5.0.0"

"@babel/runtime@^7.10.1", "@babel/runtime@^7.10.4", "@babel/runtime@^7.11.1", "@babel/runtime@^7.11.2", "@babel/runtime@^7.16.7", "@babel/runtime@^7.18.0", "@babel/runtime@^7.18.3", "@babel/runtime@^7.20.0", "@babel/runtime@^7.20.7", "@babel/runtime@^7.21.0", "@babel/runtime@^7.22.5", "@babel/runtime@^7.23.2", "@babel/runtime@^7.23.6", "@babel/runtime@^7.23.9", "@babel/runtime@^7.24.4", "@babel/runtime@^7.24.7", "@babel/runtime@^7.24.8", "@babel/runtime@^7.25.7":
  version "7.26.0"
  resolved "https://registry.yarnpkg.com/@babel/runtime/-/runtime-7.26.0.tgz#8600c2f595f277c60815256418b85356a65173c1"
  integrity sha512-FDSOghenHTiToteC/QRlv2q3DhPZ/oOXTBoirfWNx1Cx3TMVcGWQtMMmQcSvb/JjpNeGzx8Pq/b4fKEJuWm1sw==
  dependencies:
    regenerator-runtime "^0.14.0"

"@ctrl/tinycolor@^3.6.1":
  version "3.6.1"
  resolved "https://registry.yarnpkg.com/@ctrl/tinycolor/-/tinycolor-3.6.1.tgz#b6c75a56a1947cc916ea058772d666a2c8932f31"
  integrity sha512-SITSV6aIXsuVNV3f3O0f2n/cgyEDWoSqtZMYiAmcsYHydcKrOz3gUxB/iXd/Qf08+IZX4KpgNbvUdMBmWz+kcA==

"@emotion/hash@^0.8.0":
  version "0.8.0"
  resolved "https://registry.yarnpkg.com/@emotion/hash/-/hash-0.8.0.tgz#bbbff68978fefdbe68ccb533bc8cbe1d1afb5413"
  integrity sha512-kBJtf7PH6aWwZ6fka3zQ0p6SBYzx4fl1LoZXE2RrnYST9Xljm7WfKJrU4g/Xr3Beg72MLrp1AWNUmuYJTL7Cow==

"@emotion/unitless@^0.7.5":
  version "0.7.5"
  resolved "https://registry.yarnpkg.com/@emotion/unitless/-/unitless-0.7.5.tgz#77211291c1900a700b8a78cfafda3160d76949ed"
  integrity sha512-OWORNpfjMsSSUBVrRBVGECkhWcULOAJz9ZW8uK9qgxD+87M7jHRcvh/A96XXNhXTLmKcoYSQtBEX7lHMO7YRwg==

"@rc-component/async-validator@^5.0.3":
  version "5.0.4"
  resolved "https://registry.yarnpkg.com/@rc-component/async-validator/-/async-validator-5.0.4.tgz#5291ad92f00a14b6766fc81735c234277f83e948"
  integrity sha512-qgGdcVIF604M9EqjNF0hbUTz42bz/RDtxWdWuU5EQe3hi7M8ob54B6B35rOsvX5eSvIHIzT9iH1R3n+hk3CGfg==
  dependencies:
    "@babel/runtime" "^7.24.4"

"@rc-component/color-picker@~2.0.1":
  version "2.0.1"
  resolved "https://registry.yarnpkg.com/@rc-component/color-picker/-/color-picker-2.0.1.tgz#6b9b96152466a9d4475cbe72b40b594bfda164be"
  integrity sha512-WcZYwAThV/b2GISQ8F+7650r5ZZJ043E57aVBFkQ+kSY4C6wdofXgB0hBx+GPGpIU0Z81eETNoDUJMr7oy/P8Q==
  dependencies:
    "@ant-design/fast-color" "^2.0.6"
    "@babel/runtime" "^7.23.6"
    classnames "^2.2.6"
    rc-util "^5.38.1"

"@rc-component/context@^1.4.0":
  version "1.4.0"
  resolved "https://registry.yarnpkg.com/@rc-component/context/-/context-1.4.0.tgz#dc6fb021d6773546af8f016ae4ce9aea088395e8"
  integrity sha512-kFcNxg9oLRMoL3qki0OMxK+7g5mypjgaaJp/pkOis/6rVxma9nJBF/8kCIuTYHUQNr0ii7MxqE33wirPZLJQ2w==
  dependencies:
    "@babel/runtime" "^7.10.1"
    rc-util "^5.27.0"

"@rc-component/mini-decimal@^1.0.1":
  version "1.1.0"
  resolved "https://registry.yarnpkg.com/@rc-component/mini-decimal/-/mini-decimal-1.1.0.tgz#7b7a362b14a0a54cb5bc6fd2b82731f29f11d9b0"
  integrity sha512-jS4E7T9Li2GuYwI6PyiVXmxTiM6b07rlD9Ge8uGZSCz3WlzcG5ZK7g5bbuKNeZ9pgUuPK/5guV781ujdVpm4HQ==
  dependencies:
    "@babel/runtime" "^7.18.0"

"@rc-component/mutate-observer@^1.1.0":
  version "1.1.0"
  resolved "https://registry.yarnpkg.com/@rc-component/mutate-observer/-/mutate-observer-1.1.0.tgz#ee53cc88b78aade3cd0653609215a44779386fd8"
  integrity sha512-QjrOsDXQusNwGZPf4/qRQasg7UFEj06XiCJ8iuiq/Io7CrHrgVi6Uuetw60WAMG1799v+aM8kyc+1L/GBbHSlw==
  dependencies:
    "@babel/runtime" "^7.18.0"
    classnames "^2.3.2"
    rc-util "^5.24.4"

"@rc-component/portal@^1.0.0-8", "@rc-component/portal@^1.0.0-9", "@rc-component/portal@^1.0.2", "@rc-component/portal@^1.1.0", "@rc-component/portal@^1.1.1":
  version "1.1.2"
  resolved "https://registry.yarnpkg.com/@rc-component/portal/-/portal-1.1.2.tgz#55db1e51d784e034442e9700536faaa6ab63fc71"
  integrity sha512-6f813C0IsasTZms08kfA8kPAGxbbkYToa8ALaiDIGGECU4i9hj8Plgbx0sNJDrey3EtHO30hmdaxtT0138xZcg==
  dependencies:
    "@babel/runtime" "^7.18.0"
    classnames "^2.3.2"
    rc-util "^5.24.4"

"@rc-component/qrcode@~1.0.0":
  version "1.0.0"
  resolved "https://registry.yarnpkg.com/@rc-component/qrcode/-/qrcode-1.0.0.tgz#48a8de5eb11d0e65926f1377c4b1ef4c888997f5"
  integrity sha512-L+rZ4HXP2sJ1gHMGHjsg9jlYBX/SLN2D6OxP9Zn3qgtpMWtO2vUfxVFwiogHpAIqs54FnALxraUy/BCO1yRIgg==
  dependencies:
    "@babel/runtime" "^7.24.7"
    classnames "^2.3.2"
    rc-util "^5.38.0"

"@rc-component/tour@~1.15.1":
  version "1.15.1"
  resolved "https://registry.yarnpkg.com/@rc-component/tour/-/tour-1.15.1.tgz#9b79808254185fc19e964172d99e25e8c6800ded"
  integrity sha512-Tr2t7J1DKZUpfJuDZWHxyxWpfmj8EZrqSgyMZ+BCdvKZ6r1UDsfU46M/iWAAFBy961Ssfom2kv5f3UcjIL2CmQ==
  dependencies:
    "@babel/runtime" "^7.18.0"
    "@rc-component/portal" "^1.0.0-9"
    "@rc-component/trigger" "^2.0.0"
    classnames "^2.3.2"
    rc-util "^5.24.4"

"@rc-component/trigger@^2.0.0", "@rc-component/trigger@^2.1.1", "@rc-component/trigger@^2.2.6":
  version "2.2.6"
  resolved "https://registry.yarnpkg.com/@rc-component/trigger/-/trigger-2.2.6.tgz#bfe6602313b3fadd659687746511f813299d5ea4"
  integrity sha512-/9zuTnWwhQ3S3WT1T8BubuFTT46kvnXgaERR9f4BTKyn61/wpf/BvbImzYBubzJibU707FxwbKszLlHjcLiv1Q==
  dependencies:
    "@babel/runtime" "^7.23.2"
    "@rc-component/portal" "^1.1.0"
    classnames "^2.3.2"
    rc-motion "^2.0.0"
    rc-resize-observer "^1.3.1"
    rc-util "^5.44.0"

antd@^5.22.7:
  version "5.22.7"
  resolved "https://registry.yarnpkg.com/antd/-/antd-5.22.7.tgz#90a0eb3e4cd65b7fc042318132d34b7c492783dd"
  integrity sha512-koT5QMliDgXc21yNcs4Uyuq6TeB5AJbzGZ2qjNExzE7Tjr8yYIX6sJsQfunsEV80wC1mpF7m9ldKuNj+PafcFA==
  dependencies:
    "@ant-design/colors" "^7.1.0"
    "@ant-design/cssinjs" "^1.21.1"
    "@ant-design/cssinjs-utils" "^1.1.3"
    "@ant-design/icons" "^5.5.2"
    "@ant-design/react-slick" "~1.1.2"
    "@babel/runtime" "^7.25.7"
    "@ctrl/tinycolor" "^3.6.1"
    "@rc-component/color-picker" "~2.0.1"
    "@rc-component/mutate-observer" "^1.1.0"
    "@rc-component/qrcode" "~1.0.0"
    "@rc-component/tour" "~1.15.1"
    "@rc-component/trigger" "^2.2.6"
    classnames "^2.5.1"
    copy-to-clipboard "^3.3.3"
    dayjs "^1.11.11"
    rc-cascader "~3.30.0"
    rc-checkbox "~3.3.0"
    rc-collapse "~3.9.0"
    rc-dialog "~9.6.0"
    rc-drawer "~7.2.0"
    rc-dropdown "~4.2.1"
    rc-field-form "~2.7.0"
    rc-image "~7.11.0"
    rc-input "~1.6.4"
    rc-input-number "~9.3.0"
    rc-mentions "~2.17.0"
    rc-menu "~9.16.0"
    rc-motion "^2.9.5"
    rc-notification "~5.6.2"
    rc-pagination "~5.0.0"
    rc-picker "~4.8.3"
    rc-progress "~4.0.0"
    rc-rate "~2.13.0"
    rc-resize-observer "^1.4.3"
    rc-segmented "~2.5.0"
    rc-select "~14.16.4"
    rc-slider "~11.1.7"
    rc-steps "~6.0.1"
    rc-switch "~4.1.0"
    rc-table "~7.49.0"
    rc-tabs "~15.4.0"
    rc-textarea "~1.8.2"
    rc-tooltip "~6.2.1"
    rc-tree "~5.10.1"
    rc-tree-select "~5.24.5"
    rc-upload "~4.8.1"
    rc-util "^5.44.3"
    scroll-into-view-if-needed "^3.1.0"
    throttle-debounce "^5.0.2"

classnames@2.x, classnames@^2.2.1, classnames@^2.2.3, classnames@^2.2.5, classnames@^2.2.6, classnames@^2.3.1, classnames@^2.3.2, classnames@^2.5.1:
  version "2.5.1"
  resolved "https://registry.yarnpkg.com/classnames/-/classnames-2.5.1.tgz#ba774c614be0f016da105c858e7159eae8e7687b"
  integrity sha512-saHYOzhIQs6wy2sVxTM6bUDsQO4F50V9RQ22qBpEdCW+I+/Wmke2HOl6lS6dTpdxVhb88/I6+Hs+438c3lfUow==

compute-scroll-into-view@^3.0.2:
  version "3.1.0"
  resolved "https://registry.yarnpkg.com/compute-scroll-into-view/-/compute-scroll-into-view-3.1.0.tgz#753f11d972596558d8fe7c6bcbc8497690ab4c87"
  integrity sha512-rj8l8pD4bJ1nx+dAkMhV1xB5RuZEyVysfxJqB1pRchh1KVvwOv9b7CGB8ZfjTImVv2oF+sYMUkMZq6Na5Ftmbg==

copy-to-clipboard@^3.3.3:
  version "3.3.3"
  resolved "https://registry.yarnpkg.com/copy-to-clipboard/-/copy-to-clipboard-3.3.3.tgz#55ac43a1db8ae639a4bd99511c148cdd1b83a1b0"
  integrity sha512-2KV8NhB5JqC3ky0r9PMCAZKbUHSwtEo4CwCs0KXgruG43gX5PMqDEBbVU4OUzw2MuAWUfsuFmWvEKG5QRfSnJA==
  dependencies:
    toggle-selection "^1.0.6"

csstype@^3.1.3:
  version "3.1.3"
  resolved "https://registry.yarnpkg.com/csstype/-/csstype-3.1.3.tgz#d80ff294d114fb0e6ac500fbf85b60137d7eff81"
  integrity sha512-M1uQkMl8rQK/szD0LNhtqxIPLpimGm8sOBwU7lLnCpSbTyY3yeU1Vc7l4KT5zT4s/yOxHH5O7tIuuLOCnLADRw==

dayjs@^1.11.11:
  version "1.11.13"
  resolved "https://registry.yarnpkg.com/dayjs/-/dayjs-1.11.13.tgz#92430b0139055c3ebb60150aa13e860a4b5a366c"
  integrity sha512-oaMBel6gjolK862uaPQOVTA7q3TZhuSvuMQAAglQDOWYO9A91IrAOUJEyKVlqJlHE0vq5p5UXxzdPfMH/x6xNg==

"js-tokens@^3.0.0 || ^4.0.0":
  version "4.0.0"
  resolved "https://registry.yarnpkg.com/js-tokens/-/js-tokens-4.0.0.tgz#19203fb59991df98e3a287050d4647cdeaf32499"
  integrity sha512-RdJUflcE3cUzKiMqQgsCu06FPu9UdIJO0beYbPhHN4k6apgJtifcoCtT9bcxOpYBtpD2kCM6Sbzg4CausW/PKQ==

json2mq@^0.2.0:
  version "0.2.0"
  resolved "https://registry.yarnpkg.com/json2mq/-/json2mq-0.2.0.tgz#b637bd3ba9eabe122c83e9720483aeb10d2c904a"
  integrity sha512-SzoRg7ux5DWTII9J2qkrZrqV1gt+rTaoufMxEzXbS26Uid0NwaJd123HcoB80TgubEppxxIGdNxCx50fEoEWQA==
  dependencies:
    string-convert "^0.2.0"

loose-envify@^1.1.0:
  version "1.4.0"
  resolved "https://registry.yarnpkg.com/loose-envify/-/loose-envify-1.4.0.tgz#71ee51fa7be4caec1a63839f7e682d8132d30caf"
  integrity sha512-lyuxPGr/Wfhrlem2CL/UcnUc1zcqKAImBDzukY7Y5F/yQiNdko6+fRLevlw1HgMySw7f611UIY408EtxRSoK3Q==
  dependencies:
    js-tokens "^3.0.0 || ^4.0.0"

rc-cascader@~3.30.0:
  version "3.30.0"
  resolved "https://registry.yarnpkg.com/rc-cascader/-/rc-cascader-3.30.0.tgz#da3e35cadcc00c58c62a6757eca6c7147ff94ea8"
  integrity sha512-rrzSbk1Bdqbu+pDwiLCLHu72+lwX9BZ28+JKzoi0DWZ4N29QYFeip8Gctl33QVd2Xg3Rf14D3yAOG76ElJw16w==
  dependencies:
    "@babel/runtime" "^7.25.7"
    classnames "^2.3.1"
    rc-select "~14.16.2"
    rc-tree "~5.10.1"
    rc-util "^5.43.0"

rc-checkbox@~3.3.0:
  version "3.3.0"
  resolved "https://registry.yarnpkg.com/rc-checkbox/-/rc-checkbox-3.3.0.tgz#0ffcb65ab78c7d2fcd1a0d6554af36786516bd02"
  integrity sha512-Ih3ZaAcoAiFKJjifzwsGiT/f/quIkxJoklW4yKGho14Olulwn8gN7hOBve0/WGDg5o/l/5mL0w7ff7/YGvefVw==
  dependencies:
    "@babel/runtime" "^7.10.1"
    classnames "^2.3.2"
    rc-util "^5.25.2"

rc-collapse@~3.9.0:
  version "3.9.0"
  resolved "https://registry.yarnpkg.com/rc-collapse/-/rc-collapse-3.9.0.tgz#972404ce7724e1c9d1d2476543e1175404a36806"
  integrity sha512-swDdz4QZ4dFTo4RAUMLL50qP0EY62N2kvmk2We5xYdRwcRn8WcYtuetCJpwpaCbUfUt5+huLpVxhvmnK+PHrkA==
  dependencies:
    "@babel/runtime" "^7.10.1"
    classnames "2.x"
    rc-motion "^2.3.4"
    rc-util "^5.27.0"

rc-dialog@~9.6.0:
  version "9.6.0"
  resolved "https://registry.yarnpkg.com/rc-dialog/-/rc-dialog-9.6.0.tgz#dc7a255c6ad1cb56021c3a61c7de86ee88c7c371"
  integrity sha512-ApoVi9Z8PaCQg6FsUzS8yvBEQy0ZL2PkuvAgrmohPkN3okps5WZ5WQWPc1RNuiOKaAYv8B97ACdsFU5LizzCqg==
  dependencies:
    "@babel/runtime" "^7.10.1"
    "@rc-component/portal" "^1.0.0-8"
    classnames "^2.2.6"
    rc-motion "^2.3.0"
    rc-util "^5.21.0"

rc-drawer@~7.2.0:
  version "7.2.0"
  resolved "https://registry.yarnpkg.com/rc-drawer/-/rc-drawer-7.2.0.tgz#8d7de2f1fd52f3ac5a25f54afbb8ac14c62e5663"
  integrity sha512-9lOQ7kBekEJRdEpScHvtmEtXnAsy+NGDXiRWc2ZVC7QXAazNVbeT4EraQKYwCME8BJLa8Bxqxvs5swwyOepRwg==
  dependencies:
    "@babel/runtime" "^7.23.9"
    "@rc-component/portal" "^1.1.1"
    classnames "^2.2.6"
    rc-motion "^2.6.1"
    rc-util "^5.38.1"

rc-dropdown@~4.2.0, rc-dropdown@~4.2.1:
  version "4.2.1"
  resolved "https://registry.yarnpkg.com/rc-dropdown/-/rc-dropdown-4.2.1.tgz#44729eb2a4272e0353d31ac060da21e606accb1c"
  integrity sha512-YDAlXsPv3I1n42dv1JpdM7wJ+gSUBfeyPK59ZpBD9jQhK9jVuxpjj3NmWQHOBceA1zEPVX84T2wbdb2SD0UjmA==
  dependencies:
    "@babel/runtime" "^7.18.3"
    "@rc-component/trigger" "^2.0.0"
    classnames "^2.2.6"
    rc-util "^5.44.1"

rc-field-form@~2.7.0:
  version "2.7.0"
  resolved "https://registry.yarnpkg.com/rc-field-form/-/rc-field-form-2.7.0.tgz#22413e793f35bfc1f35b0ec462774d7277f5a399"
  integrity sha512-hgKsCay2taxzVnBPZl+1n4ZondsV78G++XVsMIJCAoioMjlMQR9YwAp7JZDIECzIu2Z66R+f4SFIRrO2DjDNAA==
  dependencies:
    "@babel/runtime" "^7.18.0"
    "@rc-component/async-validator" "^5.0.3"
    rc-util "^5.32.2"

rc-image@~7.11.0:
  version "7.11.0"
  resolved "https://registry.yarnpkg.com/rc-image/-/rc-image-7.11.0.tgz#18c77ea557a6fdbe26856c688a9aace1505c0e77"
  integrity sha512-aZkTEZXqeqfPZtnSdNUnKQA0N/3MbgR7nUnZ+/4MfSFWPFHZau4p5r5ShaI0KPEMnNjv4kijSCFq/9wtJpwykw==
  dependencies:
    "@babel/runtime" "^7.11.2"
    "@rc-component/portal" "^1.0.2"
    classnames "^2.2.6"
    rc-dialog "~9.6.0"
    rc-motion "^2.6.2"
    rc-util "^5.34.1"

rc-input-number@~9.3.0:
  version "9.3.0"
  resolved "https://registry.yarnpkg.com/rc-input-number/-/rc-input-number-9.3.0.tgz#3403c1071fcb9dbf91073faddd80ea83bd3974df"
  integrity sha512-JQ363ywqRyxwgVxpg2z2kja3CehTpYdqR7emJ/6yJjRdbvo+RvfE83fcpBCIJRq3zLp8SakmEXq60qzWyZ7Usw==
  dependencies:
    "@babel/runtime" "^7.10.1"
    "@rc-component/mini-decimal" "^1.0.1"
    classnames "^2.2.5"
    rc-input "~1.6.0"
    rc-util "^5.40.1"

rc-input@~1.6.0, rc-input@~1.6.4:
  version "1.6.4"
  resolved "https://registry.yarnpkg.com/rc-input/-/rc-input-1.6.4.tgz#08d91460f6b75b3fa5294154e89775784c233129"
  integrity sha512-lBZhfRD4NSAUW0zOKLUeI6GJuXkxeZYi0hr8VcJgJpyTNOvHw1ysrKWAHcEOAAHj7guxgmWYSi6xWrEdfrSAsA==
  dependencies:
    "@babel/runtime" "^7.11.1"
    classnames "^2.2.1"
    rc-util "^5.18.1"

rc-mentions@~2.17.0:
  version "2.17.0"
  resolved "https://registry.yarnpkg.com/rc-mentions/-/rc-mentions-2.17.0.tgz#d16dd5c8e4db87862c1007f7195b0aea9247cdcd"
  integrity sha512-sfHy+qLvc+p8jx8GUsujZWXDOIlIimp6YQz7N5ONQ6bHsa2kyG+BLa5k2wuxgebBbH97is33wxiyq5UkiXRpHA==
  dependencies:
    "@babel/runtime" "^7.22.5"
    "@rc-component/trigger" "^2.0.0"
    classnames "^2.2.6"
    rc-input "~1.6.0"
    rc-menu "~9.16.0"
    rc-textarea "~1.8.0"
    rc-util "^5.34.1"

rc-menu@~9.16.0:
  version "9.16.0"
  resolved "https://registry.yarnpkg.com/rc-menu/-/rc-menu-9.16.0.tgz#53647f60f513bfa09bfc1accbd96a8df24900121"
  integrity sha512-vAL0yqPkmXWk3+YKRkmIR8TYj3RVdEt3ptG2jCJXWNAvQbT0VJJdRyHZ7kG/l1JsZlB+VJq/VcYOo69VR4oD+w==
  dependencies:
    "@babel/runtime" "^7.10.1"
    "@rc-component/trigger" "^2.0.0"
    classnames "2.x"
    rc-motion "^2.4.3"
    rc-overflow "^1.3.1"
    rc-util "^5.27.0"

rc-motion@^2.0.0, rc-motion@^2.0.1, rc-motion@^2.3.0, rc-motion@^2.3.4, rc-motion@^2.4.3, rc-motion@^2.4.4, rc-motion@^2.6.1, rc-motion@^2.6.2, rc-motion@^2.9.0, rc-motion@^2.9.5:
  version "2.9.5"
  resolved "https://registry.yarnpkg.com/rc-motion/-/rc-motion-2.9.5.tgz#12c6ead4fd355f94f00de9bb4f15df576d677e0c"
  integrity sha512-w+XTUrfh7ArbYEd2582uDrEhmBHwK1ZENJiSJVb7uRxdE7qJSYjbO2eksRXmndqyKqKoYPc9ClpPh5242mV1vA==
  dependencies:
    "@babel/runtime" "^7.11.1"
    classnames "^2.2.1"
    rc-util "^5.44.0"

rc-notification@~5.6.2:
  version "5.6.2"
  resolved "https://registry.yarnpkg.com/rc-notification/-/rc-notification-5.6.2.tgz#8525b32d49dd96ec974acae61d1d1eabde61463a"
  integrity sha512-Id4IYMoii3zzrG0lB0gD6dPgJx4Iu95Xu0BQrhHIbp7ZnAZbLqdqQ73aIWH0d0UFcElxwaKjnzNovTjo7kXz7g==
  dependencies:
    "@babel/runtime" "^7.10.1"
    classnames "2.x"
    rc-motion "^2.9.0"
    rc-util "^5.20.1"

rc-overflow@^1.3.1, rc-overflow@^1.3.2:
  version "1.3.2"
  resolved "https://registry.yarnpkg.com/rc-overflow/-/rc-overflow-1.3.2.tgz#72ee49e85a1308d8d4e3bd53285dc1f3e0bcce2c"
  integrity sha512-nsUm78jkYAoPygDAcGZeC2VwIg/IBGSodtOY3pMof4W3M9qRJgqaDYm03ZayHlde3I6ipliAxbN0RUcGf5KOzw==
  dependencies:
    "@babel/runtime" "^7.11.1"
    classnames "^2.2.1"
    rc-resize-observer "^1.0.0"
    rc-util "^5.37.0"

rc-pagination@~5.0.0:
  version "5.0.0"
  resolved "https://registry.yarnpkg.com/rc-pagination/-/rc-pagination-5.0.0.tgz#7633e1f0ff372ad78c03e86bcef78b660374d196"
  integrity sha512-QjrPvbAQwps93iluvFM62AEYglGYhWW2q/nliQqmvkTi4PXP4HHoh00iC1Sa5LLVmtWQHmG73fBi2x6H6vFHRg==
  dependencies:
    "@babel/runtime" "^7.10.1"
    classnames "^2.3.2"
    rc-util "^5.38.0"

rc-picker@~4.8.3:
  version "4.8.3"
  resolved "https://registry.yarnpkg.com/rc-picker/-/rc-picker-4.8.3.tgz#06cffd5a2201fc8d274e12f7ee32ea8ba6f3f60f"
  integrity sha512-hJ45qoEs4mfxXPAJdp1n3sKwADul874Cd0/HwnsEOE60H+tgiJUGgbOD62As3EG/rFVNS5AWRfBCDJJfmRqOVQ==
  dependencies:
    "@babel/runtime" "^7.24.7"
    "@rc-component/trigger" "^2.0.0"
    classnames "^2.2.1"
    rc-overflow "^1.3.2"
    rc-resize-observer "^1.4.0"
    rc-util "^5.43.0"

rc-progress@~4.0.0:
  version "4.0.0"
  resolved "https://registry.yarnpkg.com/rc-progress/-/rc-progress-4.0.0.tgz#5382147d9add33d3a5fbd264001373df6440e126"
  integrity sha512-oofVMMafOCokIUIBnZLNcOZFsABaUw8PPrf1/y0ZBvKZNpOiu5h4AO9vv11Sw0p4Hb3D0yGWuEattcQGtNJ/aw==
  dependencies:
    "@babel/runtime" "^7.10.1"
    classnames "^2.2.6"
    rc-util "^5.16.1"

rc-rate@~2.13.0:
  version "2.13.0"
  resolved "https://registry.yarnpkg.com/rc-rate/-/rc-rate-2.13.0.tgz#642f591ccf55c3a5d84d8d212caf1f7951d203a8"
  integrity sha512-oxvx1Q5k5wD30sjN5tqAyWTvJfLNNJn7Oq3IeS4HxWfAiC4BOXMITNAsw7u/fzdtO4MS8Ki8uRLOzcnEuoQiAw==
  dependencies:
    "@babel/runtime" "^7.10.1"
    classnames "^2.2.5"
    rc-util "^5.0.1"

rc-resize-observer@^1.0.0, rc-resize-observer@^1.1.0, rc-resize-observer@^1.3.1, rc-resize-observer@^1.4.0, rc-resize-observer@^1.4.3:
  version "1.4.3"
  resolved "https://registry.yarnpkg.com/rc-resize-observer/-/rc-resize-observer-1.4.3.tgz#4fd41fa561ba51362b5155a07c35d7c89a1ea569"
  integrity sha512-YZLjUbyIWox8E9i9C3Tm7ia+W7euPItNWSPX5sCcQTYbnwDb5uNpnLHQCG1f22oZWUhLw4Mv2tFmeWe68CDQRQ==
  dependencies:
    "@babel/runtime" "^7.20.7"
    classnames "^2.2.1"
    rc-util "^5.44.1"
    resize-observer-polyfill "^1.5.1"

rc-segmented@~2.5.0:
  version "2.5.0"
  resolved "https://registry.yarnpkg.com/rc-segmented/-/rc-segmented-2.5.0.tgz#3b5423adf57459345c77c39c7581fde786a16c11"
  integrity sha512-B28Fe3J9iUFOhFJET3RoXAPFJ2u47QvLSYcZWC4tFYNGPEjug5LAxEasZlA/PpAxhdOPqGWsGbSj7ftneukJnw==
  dependencies:
    "@babel/runtime" "^7.11.1"
    classnames "^2.2.1"
    rc-motion "^2.4.4"
    rc-util "^5.17.0"

rc-select@~14.16.2, rc-select@~14.16.4:
  version "14.16.4"
  resolved "https://registry.yarnpkg.com/rc-select/-/rc-select-14.16.4.tgz#a98840c4cfb96e263c750e59334ea0a2862e04fc"
  integrity sha512-jP6qf7+vjnxGvPpfPWbGYfFlSl3h8L2XcD4O7g2GYXmEeBC0mw+nPD7i++OOE8v3YGqP8xtYjRKAWCMLfjgxlw==
  dependencies:
    "@babel/runtime" "^7.10.1"
    "@rc-component/trigger" "^2.1.1"
    classnames "2.x"
    rc-motion "^2.0.1"
    rc-overflow "^1.3.1"
    rc-util "^5.16.1"
    rc-virtual-list "^3.5.2"

rc-slider@~11.1.7:
  version "11.1.7"
  resolved "https://registry.yarnpkg.com/rc-slider/-/rc-slider-11.1.7.tgz#3de333b1ec84d53a7bda2f816bb4779423628f09"
  integrity sha512-ytYbZei81TX7otdC0QvoYD72XSlxvTihNth5OeZ6PMXyEDq/vHdWFulQmfDGyXK1NwKwSlKgpvINOa88uT5g2A==
  dependencies:
    "@babel/runtime" "^7.10.1"
    classnames "^2.2.5"
    rc-util "^5.36.0"

rc-steps@~6.0.1:
  version "6.0.1"
  resolved "https://registry.yarnpkg.com/rc-steps/-/rc-steps-6.0.1.tgz#c2136cd0087733f6d509209a84a5c80dc29a274d"
  integrity sha512-lKHL+Sny0SeHkQKKDJlAjV5oZ8DwCdS2hFhAkIjuQt1/pB81M0cA0ErVFdHq9+jmPmFw1vJB2F5NBzFXLJxV+g==
  dependencies:
    "@babel/runtime" "^7.16.7"
    classnames "^2.2.3"
    rc-util "^5.16.1"

rc-switch@~4.1.0:
  version "4.1.0"
  resolved "https://registry.yarnpkg.com/rc-switch/-/rc-switch-4.1.0.tgz#f37d81b4e0c5afd1274fd85367b17306bf25e7d7"
  integrity sha512-TI8ufP2Az9oEbvyCeVE4+90PDSljGyuwix3fV58p7HV2o4wBnVToEyomJRVyTaZeqNPAp+vqeo4Wnj5u0ZZQBg==
  dependencies:
    "@babel/runtime" "^7.21.0"
    classnames "^2.2.1"
    rc-util "^5.30.0"

rc-table@~7.49.0:
  version "7.49.0"
  resolved "https://registry.yarnpkg.com/rc-table/-/rc-table-7.49.0.tgz#f5a4880d9527d2c9e42f5f721b5423e7a1ca475b"
  integrity sha512-/FoPLX94muAQOxVpi1jhnpKjOIqUbT81eELQPAzSXOke4ky4oCWYUXOcVpL31ZCO90xScwVSXRd7coqtgtB1Ng==
  dependencies:
    "@babel/runtime" "^7.10.1"
    "@rc-component/context" "^1.4.0"
    classnames "^2.2.5"
    rc-resize-observer "^1.1.0"
    rc-util "^5.41.0"
    rc-virtual-list "^3.14.2"

rc-tabs@~15.4.0:
  version "15.4.0"
  resolved "https://registry.yarnpkg.com/rc-tabs/-/rc-tabs-15.4.0.tgz#a829cabcb33f93525b548010f5bbf91dee7ac1d6"
  integrity sha512-llKuyiAVqmXm2z7OrmhX5cNb2ueZaL8ZyA2P4R+6/72NYYcbEgOXibwHiQCFY2RiN3swXl53SIABi2CumUS02g==
  dependencies:
    "@babel/runtime" "^7.11.2"
    classnames "2.x"
    rc-dropdown "~4.2.0"
    rc-menu "~9.16.0"
    rc-motion "^2.6.2"
    rc-resize-observer "^1.0.0"
    rc-util "^5.34.1"

rc-textarea@~1.8.0, rc-textarea@~1.8.2:
  version "1.8.2"
  resolved "https://registry.yarnpkg.com/rc-textarea/-/rc-textarea-1.8.2.tgz#57a6847304551c1883fc3fb0c5076d587f70bf7f"
  integrity sha512-UFAezAqltyR00a8Lf0IPAyTd29Jj9ee8wt8DqXyDMal7r/Cg/nDt3e1OOv3Th4W6mKaZijjgwuPXhAfVNTN8sw==
  dependencies:
    "@babel/runtime" "^7.10.1"
    classnames "^2.2.1"
    rc-input "~1.6.0"
    rc-resize-observer "^1.0.0"
    rc-util "^5.27.0"

rc-tooltip@~6.2.1:
  version "6.2.1"
  resolved "https://registry.yarnpkg.com/rc-tooltip/-/rc-tooltip-6.2.1.tgz#9a8f0335c86443a0c20c2557933205f645a381b7"
  integrity sha512-rws0duD/3sHHsD905Nex7FvoUGy2UBQRhTkKxeEvr2FB+r21HsOxcDJI0TzyO8NHhnAA8ILr8pfbSBg5Jj5KBg==
  dependencies:
    "@babel/runtime" "^7.11.2"
    "@rc-component/trigger" "^2.0.0"
    classnames "^2.3.1"

rc-tree-select@~5.24.5:
  version "5.24.5"
  resolved "https://registry.yarnpkg.com/rc-tree-select/-/rc-tree-select-5.24.5.tgz#a1bf85c7d5e4979880cfb0748bb6bab937ed3483"
  integrity sha512-PnyR8LZJWaiEFw0SHRqo4MNQWyyZsyMs8eNmo68uXZWjxc7QqeWcjPPoONN0rc90c3HZqGF9z+Roz+GLzY5GXA==
  dependencies:
    "@babel/runtime" "^7.25.7"
    classnames "2.x"
    rc-select "~14.16.2"
    rc-tree "~5.10.1"
    rc-util "^5.43.0"

rc-tree@~5.10.1:
  version "5.10.1"
  resolved "https://registry.yarnpkg.com/rc-tree/-/rc-tree-5.10.1.tgz#8807614c54aaa39edc05392f0f5982b609d95255"
  integrity sha512-FPXb3tT/u39mgjr6JNlHaUTYfHkVGW56XaGDahDpEFLGsnPxGcVLNTjcqoQb/GNbSCycl7tD7EvIymwOTP0+Yw==
  dependencies:
    "@babel/runtime" "^7.10.1"
    classnames "2.x"
    rc-motion "^2.0.1"
    rc-util "^5.16.1"
    rc-virtual-list "^3.5.1"

rc-upload@~4.8.1:
  version "4.8.1"
  resolved "https://registry.yarnpkg.com/rc-upload/-/rc-upload-4.8.1.tgz#ac55f2bc101b95b52a6e47f3c18f0f55b54e16d2"
  integrity sha512-toEAhwl4hjLAI1u8/CgKWt30BR06ulPa4iGQSMvSXoHzO88gPCslxqV/mnn4gJU7PDoltGIC9Eh+wkeudqgHyw==
  dependencies:
    "@babel/runtime" "^7.18.3"
    classnames "^2.2.5"
    rc-util "^5.2.0"

rc-util@^5.0.1, rc-util@^5.16.1, rc-util@^5.17.0, rc-util@^5.18.1, rc-util@^5.2.0, rc-util@^5.20.1, rc-util@^5.21.0, rc-util@^5.24.4, rc-util@^5.25.2, rc-util@^5.27.0, rc-util@^5.30.0, rc-util@^5.31.1, rc-util@^5.32.2, rc-util@^5.34.1, rc-util@^5.35.0, rc-util@^5.36.0, rc-util@^5.37.0, rc-util@^5.38.0, rc-util@^5.38.1, rc-util@^5.40.1, rc-util@^5.41.0, rc-util@^5.43.0, rc-util@^5.44.0, rc-util@^5.44.1, rc-util@^5.44.3:
  version "5.44.3"
  resolved "https://registry.yarnpkg.com/rc-util/-/rc-util-5.44.3.tgz#9eca5039906446113c4032859f88c15234547961"
  integrity sha512-q6KCcOFk3rv/zD3MckhJteZxb0VjAIFuf622B7ElK4vfrZdAzs16XR5p3VTdy3+U5jfJU5ACz4QnhLSuAGe5dA==
  dependencies:
    "@babel/runtime" "^7.18.3"
    react-is "^18.2.0"

rc-virtual-list@^3.14.2, rc-virtual-list@^3.5.1, rc-virtual-list@^3.5.2:
  version "3.16.1"
  resolved "https://registry.yarnpkg.com/rc-virtual-list/-/rc-virtual-list-3.16.1.tgz#073d75cc0295497cdd9a35d6f5d1b71b4f35233e"
  integrity sha512-algM5UsB7vrlPNr9lsZEH8s9KHkP8XbT/Y0qylyPkiM8mIOlSJLjBNADcmbYPEQCm4zW82mZRJuVHNzqqN0EAQ==
  dependencies:
    "@babel/runtime" "^7.20.0"
    classnames "^2.2.6"
    rc-resize-observer "^1.0.0"
    rc-util "^5.36.0"

react-dom@18.3.1:
  version "18.3.1"
  resolved "https://registry.yarnpkg.com/react-dom/-/react-dom-18.3.1.tgz#c2265d79511b57d479b3dd3fdfa51536494c5cb4"
  integrity sha512-5m4nQKp+rZRb09LNH59GM4BxTh9251/ylbKIbpe7TpGxfJ+9kv6BLkLBXIjjspbgbnIBNqlI23tRnTWT0snUIw==
  dependencies:
    loose-envify "^1.1.0"
    scheduler "^0.23.2"

react-is@^18.2.0:
  version "18.3.1"
  resolved "https://registry.yarnpkg.com/react-is/-/react-is-18.3.1.tgz#e83557dc12eae63a99e003a46388b1dcbb44db7e"
  integrity sha512-/LLMVyas0ljjAtoYiPqYiL8VWXzUUdThrmU5+n20DZv+a+ClRoevUzw5JxU+Ieh5/c87ytoTBV9G1FiKfNJdmg==

react@18.3.1:
  version "18.3.1"
  resolved "https://registry.yarnpkg.com/react/-/react-18.3.1.tgz#49ab892009c53933625bd16b2533fc754cab2891"
  integrity sha512-wS+hAgJShR0KhEvPJArfuPVN1+Hz1t0Y6n5jLrGQbkb4urgPE/0Rve+1kMB1v/oWgHgm4WIcV+i7F2pTVj+2iQ==
  dependencies:
    loose-envify "^1.1.0"

regenerator-runtime@^0.14.0:
  version "0.14.1"
  resolved "https://registry.yarnpkg.com/regenerator-runtime/-/regenerator-runtime-0.14.1.tgz#356ade10263f685dda125100cd862c1db895327f"
  integrity sha512-dYnhHh0nJoMfnkZs6GmmhFknAGRrLznOu5nc9ML+EJxGvrx6H7teuevqVqCuPcPK//3eDrrjQhehXVx9cnkGdw==

resize-observer-polyfill@^1.5.1:
  version "1.5.1"
  resolved "https://registry.yarnpkg.com/resize-observer-polyfill/-/resize-observer-polyfill-1.5.1.tgz#0e9020dd3d21024458d4ebd27e23e40269810464"
  integrity sha512-LwZrotdHOo12nQuZlHEmtuXdqGoOD0OhaxopaNFxWzInpEgaLWoVuAMbTzixuosCx2nEG58ngzW3vxdWoxIgdg==

scheduler@^0.23.2:
  version "0.23.2"
  resolved "https://registry.yarnpkg.com/scheduler/-/scheduler-0.23.2.tgz#414ba64a3b282892e944cf2108ecc078d115cdc3"
  integrity sha512-UOShsPwz7NrMUqhR6t0hWjFduvOzbtv7toDH1/hIrfRNIDBnnBWd0CwJTGvTpngVlmwGCdP9/Zl/tVrDqcuYzQ==
  dependencies:
    loose-envify "^1.1.0"

scroll-into-view-if-needed@^3.1.0:
  version "3.1.0"
  resolved "https://registry.yarnpkg.com/scroll-into-view-if-needed/-/scroll-into-view-if-needed-3.1.0.tgz#fa9524518c799b45a2ef6bbffb92bcad0296d01f"
  integrity sha512-49oNpRjWRvnU8NyGVmUaYG4jtTkNonFZI86MmGRDqBphEK2EXT9gdEUoQPZhuBM8yWHxCWbobltqYO5M4XrUvQ==
  dependencies:
    compute-scroll-into-view "^3.0.2"

string-convert@^0.2.0:
  version "0.2.1"
  resolved "https://registry.yarnpkg.com/string-convert/-/string-convert-0.2.1.tgz#6982cc3049fbb4cd85f8b24568b9d9bf39eeff97"
  integrity sha512-u/1tdPl4yQnPBjnVrmdLo9gtuLvELKsAoRapekWggdiQNvvvum+jYF329d84NAa660KQw7pB2n36KrIKVoXa3A==

stylis@^4.3.4:
  version "4.3.4"
  resolved "https://registry.yarnpkg.com/stylis/-/stylis-4.3.4.tgz#ca5c6c4a35c4784e4e93a2a24dc4e9fa075250a4"
  integrity sha512-osIBl6BGUmSfDkyH2mB7EFvCJntXDrLhKjHTRj/rK6xLH0yuPrHULDRQzKokSOD4VoorhtKpfcfW1GAntu8now==

throttle-debounce@^5.0.0, throttle-debounce@^5.0.2:
  version "5.0.2"
  resolved "https://registry.yarnpkg.com/throttle-debounce/-/throttle-debounce-5.0.2.tgz#ec5549d84e053f043c9fd0f2a6dd892ff84456b1"
  integrity sha512-B71/4oyj61iNH0KeCamLuE2rmKuTO5byTOSVwECM5FA7TiAiAW+UqTKZ9ERueC4qvgSttUhdmq1mXC3kJqGX7A==

toggle-selection@^1.0.6:
  version "1.0.6"
  resolved "https://registry.yarnpkg.com/toggle-selection/-/toggle-selection-1.0.6.tgz#6e45b1263f2017fa0acc7d89d78b15b8bf77da32"
  integrity sha512-BiZS+C1OS8g/q2RRbJmy59xpyghNBqrr6k5L/uKBGRsTfxmu3ffiRnd8mlGPUVayg8pvfi5urfnu8TU7DVOkLQ==
